{
  "name": "speaker",
  "version": "1.0.0",
  "lockfileVersion": 1,
  "requires": true,
  "dependencies": {
    "bindings": {
      "version": "1.2.1",
      "resolved": "https://registry.npmjs.org/bindings/-/bindings-1.2.1.tgz",
      "integrity": "sha1-FK1hE4EtLTfXLme0ystLtyZQXxE="
    },
    "groove": {
      "version": "2.5.1",
      "resolved": "https://registry.npmjs.org/groove/-/groove-2.5.1.tgz",
      "integrity": "sha1-Q9nBALALM+LNHClexRAKrBUKDTQ=",
      "requires": {
        "bindings": "1.2.1",
        "nan": "2.3.5"
      }
    },
    "nan": {
      "version": "2.3.5",
      "resolved": "https://registry.npmjs.org/nan/-/nan-2.3.5.tgz",
      "integrity": "sha1-gioNwmYpDOTNOhIoLKPn42Rmigg="
    }
  }
}
